
Microsoft Visual Studio Solution File, Format Version 12.00
# Visual Studio 15
VisualStudioVersion = 15.0.28307.1062
MinimumVisualStudioVersion = 10.0.40219.1
Project("{FAE04EC0-301F-11D3-BF4B-00C04F79EFBC}") = "Projet_BD_Voiture.Gestion", "Projet_BD_Voiture.Gestion\Projet_BD_Voiture.Gestion.csproj", "{C5DA98E7-AF4D-402A-BF75-9F353D7F7C0F}"
EndProject
Global
	GlobalSection(SolutionConfigurationPlatforms) = preSolution
		Debug|Any CPU = Debug|Any CPU
		Release|Any CPU = Release|Any CPU
	EndGlobalSection
	GlobalSection(ProjectConfigurationPlatforms) = postSolution
		{C5DA98E7-AF4D-402A-BF75-9F353D7F7C0F}.Debug|Any CPU.ActiveCfg = Debug|Any CPU
		{C5DA98E7-AF4D-402A-BF75-9F353D7F7C0F}.Debug|Any CPU.Build.0 = Debug|Any CPU
		{C5DA98E7-AF4D-402A-BF75-9F353D7F7C0F}.Release|Any CPU.ActiveCfg = Release|Any CPU
		{C5DA98E7-AF4D-402A-BF75-9F353D7F7C0F}.Release|Any CPU.Build.0 = Release|Any CPU
	EndGlobalSection
	GlobalSection(SolutionProperties) = preSolution
		HideSolutionNode = FALSE
	EndGlobalSection
	GlobalSection(ExtensibilityGlobals) = postSolution
		SolutionGuid = {7EDE24BF-5DDA-4659-9439-F93F2D42CAEA}
	EndGlobalSection
EndGlobal
